
Microsoft Visual Studio Solution File, Format Version 12.00
# Visual Studio Version 17
VisualStudioVersion = 17.7.34202.233
MinimumVisualStudioVersion = 10.0.40219.1
Project("{FAE04EC0-301F-11D3-BF4B-00C04F79EFBC}") = "projetDotNet1", "projetDotNet1.csproj", "{6563578A-E239-4C62-A204-A5E2A8B6EE1A}"
EndProject
Global
	GlobalSection(SolutionConfigurationPlatforms) = preSolution
		Debug|Any CPU = Debug|Any CPU
		Release|Any CPU = Release|Any CPU
	EndGlobalSection
	GlobalSection(ProjectConfigurationPlatforms) = postSolution
		{6563578A-E239-4C62-A204-A5E2A8B6EE1A}.Debug|Any CPU.ActiveCfg = Debug|Any CPU
		{6563578A-E239-4C62-A204-A5E2A8B6EE1A}.Debug|Any CPU.Build.0 = Debug|Any CPU
		{6563578A-E239-4C62-A204-A5E2A8B6EE1A}.Release|Any CPU.ActiveCfg = Release|Any CPU
		{6563578A-E239-4C62-A204-A5E2A8B6EE1A}.Release|Any CPU.Build.0 = Release|Any CPU
	EndGlobalSection
	GlobalSection(SolutionProperties) = preSolution
		HideSolutionNode = FALSE
	EndGlobalSection
	GlobalSection(ExtensibilityGlobals) = postSolution
		SolutionGuid = {4E1E3FB1-C735-4A93-B3D9-6A8AC620ABEC}
	EndGlobalSection
EndGlobal
